{
  "name": "frontend",
  "version": "1.0.0",
  "lockfileVersion": 1,
  "requires": true,
  "dependencies": {
    "@module-federation/runtime": {
      "version": "0.0.8",
      "resolved": "https://registry.npmjs.org/@module-federation/runtime/-/runtime-0.0.8.tgz",
      "integrity": "sha512-Hi9g10aHxHdQ7CbchSvke07YegYwkf162XPOmixNmJr5Oy4wVa2d9yIVSrsWFhBRbbvM5iJP6GrSuEq6HFO3ug==",
      "dev": true,
      "requires": {
        "@module-federation/sdk": "0.0.8"
      }
    },
    "@module-federation/runtime-tools": {
      "version": "0.0.8",
      "resolved": "https://registry.npmjs.org/@module-federation/runtime-tools/-/runtime-tools-0.0.8.tgz",
      "integrity": "sha512-tqx3wlVHnpWLk+vn22c0x9Nv1BqdZnoS6vdMb53IsVpbQIFP70nhhvymHUyFuPkoLzMFidS7GpG58DYT/4lvCw==",
      "dev": true,
      "requires": {
        "@module-federation/runtime": "0.0.8",
        "@module-federation/webpack-bundler-runtime": "0.0.8"
      }
    },
    "@module-federation/sdk": {
      "version": "0.0.8",
      "resolved": "https://registry.npmjs.org/@module-federation/sdk/-/sdk-0.0.8.tgz",
      "integrity": "sha512-lkasywBItjUTNT0T0IskonDE2E/2tXE9UhUCPVoDL3NteDUSFGg4tpkF+cey1pD8mHh0XJcGrCuOW7s96peeAg==",
      "dev": true
    },
    "@module-federation/webpack-bundler-runtime": {
      "version": "0.0.8",
      "resolved": "https://registry.npmjs.org/@module-federation/webpack-bundler-runtime/-/webpack-bundler-runtime-0.0.8.tgz",
      "integrity": "sha512-ULwrTVzF47+6XnWybt6SIq97viEYJRv4P/DByw5h7PSX9PxSGyMm5pHfXdhcb7tno7VknL0t2V8F48fetVL9kA==",
      "dev": true,
      "requires": {
        "@module-federation/runtime": "0.0.8",
        "@module-federation/sdk": "0.0.8"
      }
    },
    "@remix-run/router": {
      "version": "1.14.2",
      "resolved": "https://registry.npmjs.org/@remix-run/router/-/router-1.14.2.tgz",
      "integrity": "sha512-ACXpdMM9hmKZww21yEqWwiLws/UPLhNKvimN8RrYSqPSvB3ov7sLvAcfvaxePeLvccTQKGdkDIhLYApZVDFuKg=="
    },
    "@rsbuild/core": {
      "version": "0.3.7",
      "resolved": "https://registry.npmjs.org/@rsbuild/core/-/core-0.3.7.tgz",
      "integrity": "sha512-3CECaT33x0m+tnnvdSMmNkRUn5D0hrd2lSBklmyBKwTASKT8xlhHNWOTFbrOlG4PByjPRCO4PoykZa5OOVvXMA==",
      "dev": true,
      "requires": {
        "@rsbuild/shared": "0.3.7",
        "@rspack/core": "0.5.0",
        "@swc/helpers": "0.5.3",
        "core-js": "~3.32.2",
        "html-webpack-plugin": "npm:html-rspack-plugin@5.5.7",
        "postcss": "^8.4.33"
      }
    },
    "@rsbuild/plugin-react": {
      "version": "0.3.7",
      "resolved": "https://registry.npmjs.org/@rsbuild/plugin-react/-/plugin-react-0.3.7.tgz",
      "integrity": "sha512-vKjVMZBHp1EEodVsPW5E9cOaA7UvnXxK7ACjWRvuRlMK54VUkYE/npzB2QAxXU3bKK2KiYOH78YYpiHyz1mkFQ==",
      "dev": true,
      "requires": {
        "@rsbuild/shared": "0.3.7",
        "@rspack/plugin-react-refresh": "0.5.0",
        "react-refresh": "^0.14.0"
      }
    },
    "@rsbuild/shared": {
      "version": "0.3.7",
      "resolved": "https://registry.npmjs.org/@rsbuild/shared/-/shared-0.3.7.tgz",
      "integrity": "sha512-XY82H5CzymyuUC3zGxTWDgKEXWXiQnt1kmPQS1T1mS6jwo8SSwTcEub+E5vtpAOn6r1tNGGHZre+7EVJtF51nQ==",
      "dev": true,
      "requires": {
        "@rspack/core": "0.5.0",
        "caniuse-lite": "^1.0.30001559",
        "lodash": "^4.17.21",
        "postcss": "^8.4.33"
      }
    },
    "@rspack/binding": {
      "version": "0.5.0",
      "resolved": "https://registry.npmjs.org/@rspack/binding/-/binding-0.5.0.tgz",
      "integrity": "sha512-+v1elZMn6lKBqbXQzhcfeCaPzztFNGEkNDEcQ7weako6yQPsBihGCRzveMMzZkja4RyB9GRHjWRE+THm8V8+3w==",
      "dev": true,
      "requires": {
        "@rspack/binding-darwin-arm64": "0.5.0",
        "@rspack/binding-darwin-x64": "0.5.0",
        "@rspack/binding-linux-arm64-gnu": "0.5.0",
        "@rspack/binding-linux-arm64-musl": "0.5.0",
        "@rspack/binding-linux-x64-gnu": "0.5.0",
        "@rspack/binding-linux-x64-musl": "0.5.0",
        "@rspack/binding-win32-arm64-msvc": "0.5.0",
        "@rspack/binding-win32-ia32-msvc": "0.5.0",
        "@rspack/binding-win32-x64-msvc": "0.5.0"
      }
    },
    "@rspack/binding-darwin-arm64": {
      "version": "0.5.0",
      "resolved": "https://registry.npmjs.org/@rspack/binding-darwin-arm64/-/binding-darwin-arm64-0.5.0.tgz",
      "integrity": "sha512-zRx4efhn2eCjdhHt6avhdkKur6FZvYy1TgPhNKpWbTg7fnrvtNGzcVQCAOnPUUPkJjnss3veOhZlWJ3paX0EDQ==",
      "dev": true,
      "optional": true
    },
    "@rspack/binding-darwin-x64": {
      "version": "0.5.0",
      "resolved": "https://registry.npmjs.org/@rspack/binding-darwin-x64/-/binding-darwin-x64-0.5.0.tgz",
      "integrity": "sha512-d6SvBURfKow3WcKxTrjJPBkp+NLsuCPoIMaS8/bM4gHwgjVs2zuOsTQ9+l36dypOkjnu6QLkOIykTdiUKJ0eQg==",
      "dev": true,
      "optional": true
    },
    "@rspack/binding-linux-arm64-gnu": {
      "version": "0.5.0",
      "resolved": "https://registry.npmjs.org/@rspack/binding-linux-arm64-gnu/-/binding-linux-arm64-gnu-0.5.0.tgz",
      "integrity": "sha512-97xFbF7RjJc2VvX+0Hvb7Jzsk+eEE8oEUcc5Dnb7OIwGZulWKk6cLNcRkNfmL/F9kk1QEKlUTNC/VQI7ljf2tA==",
      "dev": true,
      "optional": true
    },
    "@rspack/binding-linux-arm64-musl": {
      "version": "0.5.0",
      "resolved": "https://registry.npmjs.org/@rspack/binding-linux-arm64-musl/-/binding-linux-arm64-musl-0.5.0.tgz",
      "integrity": "sha512-lk0IomCy276EoynmksoBwg0IcHvvVXuZPMeq7OgRPTvs33mdTExSzSTPtrGzx/D00bX1ybUqLQwJhcgGt6erPQ==",
      "dev": true,
      "optional": true
    },
    "@rspack/binding-linux-x64-gnu": {
      "version": "0.5.0",
      "resolved": "https://registry.npmjs.org/@rspack/binding-linux-x64-gnu/-/binding-linux-x64-gnu-0.5.0.tgz",
      "integrity": "sha512-r15ddpse0S/8wHtfL85uJrVotvPVIMnQX06KlXyGUSw1jWrjxV+NXFDJ4xXnHCvk/YV6lCFTotAssk4wJEE0Fw==",
      "dev": true,
      "optional": true
    },
    "@rspack/binding-linux-x64-musl": {
      "version": "0.5.0",
      "resolved": "https://registry.npmjs.org/@rspack/binding-linux-x64-musl/-/binding-linux-x64-musl-0.5.0.tgz",
      "integrity": "sha512-lB9Dn1bi4xyzEe6Bf/GQ7Ktlrq4Kmt1LHwN+t0m6iVYH3Vb/3g8uQGDSkwnjP8NmlAtldK1cmvRMhR7flUrgZA==",
      "dev": true,
      "optional": true
    },
    "@rspack/binding-win32-arm64-msvc": {
      "version": "0.5.0",
      "resolved": "https://registry.npmjs.org/@rspack/binding-win32-arm64-msvc/-/binding-win32-arm64-msvc-0.5.0.tgz",
      "integrity": "sha512-aDoF13puU8LxST/qKZndtXzlJbnbnxY2Bxyj0fu7UDh8nHJD4A2HQfWRN6BZFHaVSqM6Bnli410dJrIWeTNhZQ==",
      "dev": true,
      "optional": true
    },
    "@rspack/binding-win32-ia32-msvc": {
      "version": "0.5.0",
      "resolved": "https://registry.npmjs.org/@rspack/binding-win32-ia32-msvc/-/binding-win32-ia32-msvc-0.5.0.tgz",
      "integrity": "sha512-EYGeH4YKX5v4gtTL8mBAWnsKSkF+clsKu0z1hgWgSV/vnntNlqJQZUCb5CMdg5VqadNm+lUNDYYHeHNa3+Jp3w==",
      "dev": true,
      "optional": true
    },
    "@rspack/binding-win32-x64-msvc": {
      "version": "0.5.0",
      "resolved": "https://registry.npmjs.org/@rspack/binding-win32-x64-msvc/-/binding-win32-x64-msvc-0.5.0.tgz",
      "integrity": "sha512-RCECFW6otUrFiPbWQyOvLZOMNV/OL6AyAKMDbX9ejjk0TjLMrHjnhmI5X8EoA/SUc1/vEbgsJzDVLKTfn138cg==",
      "dev": true,
      "optional": true
    },
    "@rspack/core": {
      "version": "0.5.0",
      "resolved": "https://registry.npmjs.org/@rspack/core/-/core-0.5.0.tgz",
      "integrity": "sha512-/Bpujdtx28qYir7AK9VVSbY35GBFEcZ1NTJZBx/WIzZGZWLCxhlVYfjH8cj44y4RvXa0Y26tnj/q7VJ4U3sHug==",
      "dev": true,
      "requires": {
        "@module-federation/runtime-tools": "0.0.8",
        "@rspack/binding": "0.5.0",
        "browserslist": "^4.21.3",
        "enhanced-resolve": "5.12.0",
        "graceful-fs": "4.2.10",
        "json-parse-even-better-errors": "^3.0.0",
        "neo-async": "2.6.2",
        "tapable": "2.2.1",
        "terminal-link": "^2.1.1",
        "watchpack": "^2.4.0",
        "webpack-sources": "3.2.3",
        "zod": "^3.21.4",
        "zod-validation-error": "1.3.1"
      }
    },
    "@rspack/plugin-react-refresh": {
      "version": "0.5.0",
      "resolved": "https://registry.npmjs.org/@rspack/plugin-react-refresh/-/plugin-react-refresh-0.5.0.tgz",
      "integrity": "sha512-Tas91XaFgRmgdLFzgeei/LybMFvnYBicMf4Y7Yt9lZHRHfgONrGbmqSVeS+nWWTW9U8Q31K9uiM2Z2a02hq2Vw==",
      "dev": true
    },
    "@swc/helpers": {
      "version": "0.5.3",
      "resolved": "https://registry.npmjs.org/@swc/helpers/-/helpers-0.5.3.tgz",
      "integrity": "sha512-FaruWX6KdudYloq1AHD/4nU+UsMTdNE8CKyrseXWEcgjDAbvkwJg2QGPAnfIJLIWsjZOSPLOAykK6fuYp4vp4A==",
      "dev": true,
      "requires": {
        "tslib": "^2.4.0"
      }
    },
    "@types/prop-types": {
      "version": "15.7.11",
      "resolved": "https://registry.npmjs.org/@types/prop-types/-/prop-types-15.7.11.tgz",
      "integrity": "sha512-ga8y9v9uyeiLdpKddhxYQkxNDrfvuPrlFb0N1qnZZByvcElJaXthF1UhvCh9TLWJBEHeNtdnbysW7Y6Uq8CVng==",
      "dev": true
    },
    "@types/react": {
      "version": "18.2.48",
      "resolved": "https://registry.npmjs.org/@types/react/-/react-18.2.48.tgz",
      "integrity": "sha512-qboRCl6Ie70DQQG9hhNREz81jqC1cs9EVNcjQ1AU+jH6NFfSAhVVbrrY/+nSF+Bsk4AOwm9Qa61InvMCyV+H3w==",
      "dev": true,
      "requires": {
        "@types/prop-types": "*",
        "@types/scheduler": "*",
        "csstype": "^3.0.2"
      }
    },
    "@types/react-dom": {
      "version": "18.2.18",
      "resolved": "https://registry.npmjs.org/@types/react-dom/-/react-dom-18.2.18.tgz",
      "integrity": "sha512-TJxDm6OfAX2KJWJdMEVTwWke5Sc/E/RlnPGvGfS0W7+6ocy2xhDVQVh/KvC2Uf7kACs+gDytdusDSdWfWkaNzw==",
      "dev": true,
      "requires": {
        "@types/react": "*"
      }
    },
    "@types/scheduler": {
      "version": "0.16.8",
      "resolved": "https://registry.npmjs.org/@types/scheduler/-/scheduler-0.16.8.tgz",
      "integrity": "sha512-WZLiwShhwLRmeV6zH+GkbOFT6Z6VklCItrDioxUnv+u4Ll+8vKeFySoFyK/0ctcRpOmwAicELfmys1sDc/Rw+A==",
      "dev": true
    },
    "ansi-escapes": {
      "version": "4.3.2",
      "resolved": "https://registry.npmjs.org/ansi-escapes/-/ansi-escapes-4.3.2.tgz",
      "integrity": "sha512-gKXj5ALrKWQLsYG9jlTRmR/xKluxHV+Z9QEwNIgCfM1/uwPMCuzVVnh5mwTd+OuBZcwSIMbqssNWRm1lE51QaQ==",
      "dev": true,
      "requires": {
        "type-fest": "^0.21.3"
      }
    },
    "asynckit": {
      "version": "0.4.0",
      "resolved": "https://registry.npmjs.org/asynckit/-/asynckit-0.4.0.tgz",
      "integrity": "sha512-Oei9OH4tRh0YqU3GxhX79dM/mwVgvbZJaSNaRk+bshkj0S5cfHcgYakreBjrHwatXKbz+IoIdYLxrKim2MjW0Q=="
    },
    "axios": {
      "version": "1.6.7",
      "resolved": "https://registry.npmjs.org/axios/-/axios-1.6.7.tgz",
      "integrity": "sha512-/hDJGff6/c7u0hDkvkGxR/oy6CbCs8ziCsC7SqmhjfozqiJGc8Z11wrv9z9lYfY4K8l+H9TpjcMDX0xOZmx+RA==",
      "requires": {
        "follow-redirects": "^1.15.4",
        "form-data": "^4.0.0",
        "proxy-from-env": "^1.1.0"
      }
    },
    "browserslist": {
      "version": "4.22.2",
      "resolved": "https://registry.npmjs.org/browserslist/-/browserslist-4.22.2.tgz",
      "integrity": "sha512-0UgcrvQmBDvZHFGdYUehrCNIazki7/lUP3kkoi/r3YB2amZbFM9J43ZRkJTXBUZK4gmx56+Sqk9+Vs9mwZx9+A==",
      "dev": true,
      "requires": {
        "caniuse-lite": "^1.0.30001565",
        "electron-to-chromium": "^1.4.601",
        "node-releases": "^2.0.14",
        "update-browserslist-db": "^1.0.13"
      }
    },
    "caniuse-lite": {
      "version": "1.0.30001579",
      "resolved": "https://registry.npmjs.org/caniuse-lite/-/caniuse-lite-1.0.30001579.tgz",
      "integrity": "sha512-u5AUVkixruKHJjw/pj9wISlcMpgFWzSrczLZbrqBSxukQixmg0SJ5sZTpvaFvxU0HoQKd4yoyAogyrAz9pzJnA==",
      "dev": true
    },
    "classnames": {
      "version": "2.5.1",
      "resolved": "https://registry.npmjs.org/classnames/-/classnames-2.5.1.tgz",
      "integrity": "sha512-saHYOzhIQs6wy2sVxTM6bUDsQO4F50V9RQ22qBpEdCW+I+/Wmke2HOl6lS6dTpdxVhb88/I6+Hs+438c3lfUow=="
    },
    "clsx": {
      "version": "2.1.0",
      "resolved": "https://registry.npmjs.org/clsx/-/clsx-2.1.0.tgz",
      "integrity": "sha512-m3iNNWpd9rl3jvvcBnu70ylMdrXt8Vlq4HYadnU5fwcOtvkSQWPmj7amUcDT2qYI7risszBjI5AUIUox9D16pg=="
    },
    "combined-stream": {
      "version": "1.0.8",
      "resolved": "https://registry.npmjs.org/combined-stream/-/combined-stream-1.0.8.tgz",
      "integrity": "sha512-FQN4MRfuJeHf7cBbBMJFXhKSDq+2kAArBlmRBvcvFE5BB1HZKXtSFASDhdlz9zOYwxh8lDdnvmMOe/+5cdoEdg==",
      "requires": {
        "delayed-stream": "~1.0.0"
      }
    },
    "core-js": {
      "version": "3.32.2",
      "resolved": "https://registry.npmjs.org/core-js/-/core-js-3.32.2.tgz",
      "integrity": "sha512-pxXSw1mYZPDGvTQqEc5vgIb83jGQKFGYWY76z4a7weZXUolw3G+OvpZqSRcfYOoOVUQJYEPsWeQK8pKEnUtWxQ==",
      "dev": true
    },
    "csstype": {
      "version": "3.1.3",
      "resolved": "https://registry.npmjs.org/csstype/-/csstype-3.1.3.tgz",
      "integrity": "sha512-M1uQkMl8rQK/szD0LNhtqxIPLpimGm8sOBwU7lLnCpSbTyY3yeU1Vc7l4KT5zT4s/yOxHH5O7tIuuLOCnLADRw==",
      "dev": true
    },
    "delayed-stream": {
      "version": "1.0.0",
      "resolved": "https://registry.npmjs.org/delayed-stream/-/delayed-stream-1.0.0.tgz",
      "integrity": "sha512-ZySD7Nf91aLB0RxL4KGrKHBXl7Eds1DAmEdcoVawXnLD7SDhpNgtuII2aAkg7a7QS41jxPSZ17p4VdGnMHk3MQ=="
    },
    "electron-to-chromium": {
      "version": "1.4.643",
      "resolved": "https://registry.npmjs.org/electron-to-chromium/-/electron-to-chromium-1.4.643.tgz",
      "integrity": "sha512-QHscvvS7gt155PtoRC0dR2ilhL8E9LHhfTQEq1uD5AL0524rBLAwpAREFH06f87/e45B9XkR6Ki5dbhbCsVEIg==",
      "dev": true
    },
    "enhanced-resolve": {
      "version": "5.12.0",
      "resolved": "https://registry.npmjs.org/enhanced-resolve/-/enhanced-resolve-5.12.0.tgz",
      "integrity": "sha512-QHTXI/sZQmko1cbDoNAa3mJ5qhWUUNAq3vR0/YiD379fWQrcfuoX1+HW2S0MTt7XmoPLapdaDKUtelUSPic7hQ==",
      "dev": true,
      "requires": {
        "graceful-fs": "^4.2.4",
        "tapable": "^2.2.0"
      }
    },
    "escalade": {
      "version": "3.1.1",
      "resolved": "https://registry.npmjs.org/escalade/-/escalade-3.1.1.tgz",
      "integrity": "sha512-k0er2gUkLf8O0zKJiAhmkTnJlTvINGv7ygDNPbeIsX/TJjGJZHuh9B2UxbsaEkmlEo9MfhrSzmhIlhRlI2GXnw==",
      "dev": true
    },
    "follow-redirects": {
      "version": "1.15.5",
      "resolved": "https://registry.npmjs.org/follow-redirects/-/follow-redirects-1.15.5.tgz",
      "integrity": "sha512-vSFWUON1B+yAw1VN4xMfxgn5fTUiaOzAJCKBwIIgT/+7CuGy9+r+5gITvP62j3RmaD5Ph65UaERdOSRGUzZtgw=="
    },
    "form-data": {
      "version": "4.0.0",
      "resolved": "https://registry.npmjs.org/form-data/-/form-data-4.0.0.tgz",
      "integrity": "sha512-ETEklSGi5t0QMZuiXoA/Q6vcnxcLQP5vdugSpuAyi6SVGi2clPPp+xgEhuMaHC+zGgn31Kd235W35f7Hykkaww==",
      "requires": {
        "asynckit": "^0.4.0",
        "combined-stream": "^1.0.8",
        "mime-types": "^2.1.12"
      }
    },
    "glob-to-regexp": {
      "version": "0.4.1",
      "resolved": "https://registry.npmjs.org/glob-to-regexp/-/glob-to-regexp-0.4.1.tgz",
      "integrity": "sha512-lkX1HJXwyMcprw/5YUZc2s7DrpAiHB21/V+E1rHUrVNokkvB6bqMzT0VfV6/86ZNabt1k14YOIaT7nDvOX3Iiw==",
      "dev": true
    },
    "graceful-fs": {
      "version": "4.2.10",
      "resolved": "https://registry.npmjs.org/graceful-fs/-/graceful-fs-4.2.10.tgz",
      "integrity": "sha512-9ByhssR2fPVsNZj478qUUbKfmL0+t5BDVyjShtyZZLiK7ZDAArFFfopyOTj0M05wE2tJPisA4iTnnXl2YoPvOA==",
      "dev": true
    },
    "has-flag": {
      "version": "4.0.0",
      "resolved": "https://registry.npmjs.org/has-flag/-/has-flag-4.0.0.tgz",
      "integrity": "sha512-EykJT/Q1KjTWctppgIAgfSO0tKVuZUjhgMr17kqTumMl6Afv3EISleU7qZUzoXDFTAHTDC4NOoG/ZxU3EvlMPQ==",
      "dev": true
    },
    "html-webpack-plugin": {
      "version": "npm:html-rspack-plugin@5.5.7",
      "resolved": "https://registry.npmjs.org/html-rspack-plugin/-/html-rspack-plugin-5.5.7.tgz",
      "integrity": "sha512-7dNAURj9XBHWoYg59F8VU6hT7J7w+od4Lr5hc/rrgN6sy6QfqVpoPqW9Qw4IGFOgit8Pul7iQp1yysBSIhOlsg==",
      "dev": true,
      "requires": {
        "lodash": "^4.17.21",
        "tapable": "^2.0.0"
      }
    },
    "js-tokens": {
      "version": "4.0.0",
      "resolved": "https://registry.npmjs.org/js-tokens/-/js-tokens-4.0.0.tgz",
      "integrity": "sha512-RdJUflcE3cUzKiMqQgsCu06FPu9UdIJO0beYbPhHN4k6apgJtifcoCtT9bcxOpYBtpD2kCM6Sbzg4CausW/PKQ=="
    },
    "json-parse-even-better-errors": {
      "version": "3.0.1",
      "resolved": "https://registry.npmjs.org/json-parse-even-better-errors/-/json-parse-even-better-errors-3.0.1.tgz",
      "integrity": "sha512-aatBvbL26wVUCLmbWdCpeu9iF5wOyWpagiKkInA+kfws3sWdBrTnsvN2CKcyCYyUrc7rebNBlK6+kteg7ksecg==",
      "dev": true
    },
    "lodash": {
      "version": "4.17.21",
      "resolved": "https://registry.npmjs.org/lodash/-/lodash-4.17.21.tgz",
      "integrity": "sha512-v2kDEe57lecTulaDIuNTPy3Ry4gLGJ6Z1O3vE1krgXZNrsQ+LFTGHVxVjcXPs17LhbZVGedAJv8XZ1tvj5FvSg==",
      "dev": true
    },
    "loose-envify": {
      "version": "1.4.0",
      "resolved": "https://registry.npmjs.org/loose-envify/-/loose-envify-1.4.0.tgz",
      "integrity": "sha512-lyuxPGr/Wfhrlem2CL/UcnUc1zcqKAImBDzukY7Y5F/yQiNdko6+fRLevlw1HgMySw7f611UIY408EtxRSoK3Q==",
      "requires": {
        "js-tokens": "^3.0.0 || ^4.0.0"
      }
    },
    "mime-db": {
      "version": "1.52.0",
      "resolved": "https://registry.npmjs.org/mime-db/-/mime-db-1.52.0.tgz",
      "integrity": "sha512-sPU4uV7dYlvtWJxwwxHD0PuihVNiE7TyAbQ5SWxDCB9mUYvOgroQOwYQQOKPJ8CIbE+1ETVlOoK1UC2nU3gYvg=="
    },
    "mime-types": {
      "version": "2.1.35",
      "resolved": "https://registry.npmjs.org/mime-types/-/mime-types-2.1.35.tgz",
      "integrity": "sha512-ZDY+bPm5zTTF+YpCrAU9nK0UgICYPT0QtT1NZWFv4s++TNkcgVaT0g6+4R2uI4MjQjzysHB1zxuWL50hzaeXiw==",
      "requires": {
        "mime-db": "1.52.0"
      }
    },
    "nanoid": {
      "version": "3.3.7",
      "resolved": "https://registry.npmjs.org/nanoid/-/nanoid-3.3.7.tgz",
      "integrity": "sha512-eSRppjcPIatRIMC1U6UngP8XFcz8MQWGQdt1MTBQ7NaAmvXDfvNxbvWV3x2y6CdEUciCSsDHDQZbhYaB8QEo2g==",
      "dev": true
    },
    "neo-async": {
      "version": "2.6.2",
      "resolved": "https://registry.npmjs.org/neo-async/-/neo-async-2.6.2.tgz",
      "integrity": "sha512-Yd3UES5mWCSqR+qNT93S3UoYUkqAZ9lLg8a7g9rimsWmYGK8cVToA4/sF3RrshdyV3sAGMXVUmpMYOw+dLpOuw==",
      "dev": true
    },
    "node-releases": {
      "version": "2.0.14",
      "resolved": "https://registry.npmjs.org/node-releases/-/node-releases-2.0.14.tgz",
      "integrity": "sha512-y10wOWt8yZpqXmOgRo77WaHEmhYQYGNA6y421PKsKYWEK8aW+cqAphborZDhqfyKrbZEN92CN1X2KbafY2s7Yw==",
      "dev": true
    },
    "picocolors": {
      "version": "1.0.0",
      "resolved": "https://registry.npmjs.org/picocolors/-/picocolors-1.0.0.tgz",
      "integrity": "sha512-1fygroTLlHu66zi26VoTDv8yRgm0Fccecssto+MhsZ0D/DGW2sm8E8AjW7NU5VVTRt5GxbeZ5qBuJr+HyLYkjQ==",
      "dev": true
    },
    "postcss": {
      "version": "8.4.33",
      "resolved": "https://registry.npmjs.org/postcss/-/postcss-8.4.33.tgz",
      "integrity": "sha512-Kkpbhhdjw2qQs2O2DGX+8m5OVqEcbB9HRBvuYM9pgrjEFUg30A9LmXNlTAUj4S9kgtGyrMbTzVjH7E+s5Re2yg==",
      "dev": true,
      "requires": {
        "nanoid": "^3.3.7",
        "picocolors": "^1.0.0",
        "source-map-js": "^1.0.2"
      }
    },
    "proxy-from-env": {
      "version": "1.1.0",
      "resolved": "https://registry.npmjs.org/proxy-from-env/-/proxy-from-env-1.1.0.tgz",
      "integrity": "sha512-D+zkORCbA9f1tdWRK0RaCR3GPv50cMxcrz4X8k5LTSUD1Dkw47mKJEZQNunItRTkWwgtaUSo1RVFRIG9ZXiFYg=="
    },
    "react": {
      "version": "18.2.0",
      "resolved": "https://registry.npmjs.org/react/-/react-18.2.0.tgz",
      "integrity": "sha512-/3IjMdb2L9QbBdWiW5e3P2/npwMBaU9mHCSCUzNln0ZCYbcfTsGbTJrU/kGemdH2IWmB2ioZ+zkxtmq6g09fGQ==",
      "requires": {
        "loose-envify": "^1.1.0"
      }
    },
    "react-dom": {
      "version": "18.2.0",
      "resolved": "https://registry.npmjs.org/react-dom/-/react-dom-18.2.0.tgz",
      "integrity": "sha512-6IMTriUmvsjHUjNtEDudZfuDQUoWXVxKHhlEGSk81n4YFS+r/Kl99wXiwlVXtPBtJenozv2P+hxDsw9eA7Xo6g==",
      "requires": {
        "loose-envify": "^1.1.0",
        "scheduler": "^0.23.0"
      }
    },
    "react-refresh": {
      "version": "0.14.0",
      "resolved": "https://registry.npmjs.org/react-refresh/-/react-refresh-0.14.0.tgz",
      "integrity": "sha512-wViHqhAd8OHeLS/IRMJjTSDHF3U9eWi62F/MledQGPdJGDhodXJ9PBLNGr6WWL7qlH12Mt3TyTpbS+hGXMjCzQ==",
      "dev": true
    },
    "react-router": {
      "version": "6.21.3",
      "resolved": "https://registry.npmjs.org/react-router/-/react-router-6.21.3.tgz",
      "integrity": "sha512-a0H638ZXULv1OdkmiK6s6itNhoy33ywxmUFT/xtSoVyf9VnC7n7+VT4LjVzdIHSaF5TIh9ylUgxMXksHTgGrKg==",
      "requires": {
        "@remix-run/router": "1.14.2"
      }
    },
    "react-router-dom": {
      "version": "6.21.3",
      "resolved": "https://registry.npmjs.org/react-router-dom/-/react-router-dom-6.21.3.tgz",
      "integrity": "sha512-kNzubk7n4YHSrErzjLK72j0B5i969GsuCGazRl3G6j1zqZBLjuSlYBdVdkDOgzGdPIffUOc9nmgiadTEVoq91g==",
      "requires": {
        "@remix-run/router": "1.14.2",
        "react-router": "6.21.3"
      }
    },
    "react-toastify": {
      "version": "10.0.4",
      "resolved": "https://registry.npmjs.org/react-toastify/-/react-toastify-10.0.4.tgz",
      "integrity": "sha512-etR3RgueY8pe88SA67wLm8rJmL1h+CLqUGHuAoNsseW35oTGJEri6eBTyaXnFKNQ80v/eO10hBYLgz036XRGgA==",
      "requires": {
        "clsx": "^2.1.0"
      }
    },
    "scheduler": {
      "version": "0.23.0",
      "resolved": "https://registry.npmjs.org/scheduler/-/scheduler-0.23.0.tgz",
      "integrity": "sha512-CtuThmgHNg7zIZWAXi3AsyIzA3n4xx7aNyjwC2VJldO2LMVDhFK+63xGqq6CsJH4rTAt6/M+N4GhZiDYPx9eUw==",
      "requires": {
        "loose-envify": "^1.1.0"
      }
    },
    "source-map-js": {
      "version": "1.0.2",
      "resolved": "https://registry.npmjs.org/source-map-js/-/source-map-js-1.0.2.tgz",
      "integrity": "sha512-R0XvVJ9WusLiqTCEiGCmICCMplcCkIwwR11mOSD9CR5u+IXYdiseeEuXCVAjS54zqwkLcPNnmU4OeJ6tUrWhDw==",
      "dev": true
    },
    "supports-color": {
      "version": "7.2.0",
      "resolved": "https://registry.npmjs.org/supports-color/-/supports-color-7.2.0.tgz",
      "integrity": "sha512-qpCAvRl9stuOHveKsn7HncJRvv501qIacKzQlO/+Lwxc9+0q2wLyv4Dfvt80/DPn2pqOBsJdDiogXGR9+OvwRw==",
      "dev": true,
      "requires": {
        "has-flag": "^4.0.0"
      }
    },
    "supports-hyperlinks": {
      "version": "2.3.0",
      "resolved": "https://registry.npmjs.org/supports-hyperlinks/-/supports-hyperlinks-2.3.0.tgz",
      "integrity": "sha512-RpsAZlpWcDwOPQA22aCH4J0t7L8JmAvsCxfOSEwm7cQs3LshN36QaTkwd70DnBOXDWGssw2eUoc8CaRWT0XunA==",
      "dev": true,
      "requires": {
        "has-flag": "^4.0.0",
        "supports-color": "^7.0.0"
      }
    },
    "tapable": {
      "version": "2.2.1",
      "resolved": "https://registry.npmjs.org/tapable/-/tapable-2.2.1.tgz",
      "integrity": "sha512-GNzQvQTOIP6RyTfE2Qxb8ZVlNmw0n88vp1szwWRimP02mnTsx3Wtn5qRdqY9w2XduFNUgvOwhNnQsjwCp+kqaQ==",
      "dev": true
    },
    "terminal-link": {
      "version": "2.1.1",
      "resolved": "https://registry.npmjs.org/terminal-link/-/terminal-link-2.1.1.tgz",
      "integrity": "sha512-un0FmiRUQNr5PJqy9kP7c40F5BOfpGlYTrxonDChEZB7pzZxRNp/bt+ymiy9/npwXya9KH99nJ/GXFIiUkYGFQ==",
      "dev": true,
      "requires": {
        "ansi-escapes": "^4.2.1",
        "supports-hyperlinks": "^2.0.0"
      }
    },
    "tslib": {
      "version": "2.6.2",
      "resolved": "https://registry.npmjs.org/tslib/-/tslib-2.6.2.tgz",
      "integrity": "sha512-AEYxH93jGFPn/a2iVAwW87VuUIkR1FVUKB77NwMF7nBTDkDrrT/Hpt/IrCJ0QXhW27jTBDcf5ZY7w6RiqTMw2Q==",
      "dev": true
    },
    "type-fest": {
      "version": "0.21.3",
      "resolved": "https://registry.npmjs.org/type-fest/-/type-fest-0.21.3.tgz",
      "integrity": "sha512-t0rzBq87m3fVcduHDUFhKmyyX+9eo6WQjZvf51Ea/M0Q7+T374Jp1aUiyUl0GKxp8M/OETVHSDvmkyPgvX+X2w==",
      "dev": true
    },
    "typescript": {
      "version": "5.3.3",
      "resolved": "https://registry.npmjs.org/typescript/-/typescript-5.3.3.tgz",
      "integrity": "sha512-pXWcraxM0uxAS+tN0AG/BF2TyqmHO014Z070UsJ+pFvYuRSq8KH8DmWpnbXe0pEPDHXZV3FcAbJkijJ5oNEnWw==",
      "dev": true
    },
    "update-browserslist-db": {
      "version": "1.0.13",
      "resolved": "https://registry.npmjs.org/update-browserslist-db/-/update-browserslist-db-1.0.13.tgz",
      "integrity": "sha512-xebP81SNcPuNpPP3uzeW1NYXxI3rxyJzF3pD6sH4jE7o/IX+WtSpwnVU+qIsDPyk0d3hmFQ7mjqc6AtV604hbg==",
      "dev": true,
      "requires": {
        "escalade": "^3.1.1",
        "picocolors": "^1.0.0"
      }
    },
    "watchpack": {
      "version": "2.4.0",
      "resolved": "https://registry.npmjs.org/watchpack/-/watchpack-2.4.0.tgz",
      "integrity": "sha512-Lcvm7MGST/4fup+ifyKi2hjyIAwcdI4HRgtvTpIUxBRhB+RFtUh8XtDOxUfctVCnhVi+QQj49i91OyvzkJl6cg==",
      "dev": true,
      "requires": {
        "glob-to-regexp": "^0.4.1",
        "graceful-fs": "^4.1.2"
      }
    },
    "webpack-sources": {
      "version": "3.2.3",
      "resolved": "https://registry.npmjs.org/webpack-sources/-/webpack-sources-3.2.3.tgz",
      "integrity": "sha512-/DyMEOrDgLKKIG0fmvtz+4dUX/3Ghozwgm6iPp8KRhvn+eQf9+Q7GWxVNMk3+uCPWfdXYC4ExGBckIXdFEfH1w==",
      "dev": true
    },
    "zod": {
      "version": "3.22.4",
      "resolved": "https://registry.npmjs.org/zod/-/zod-3.22.4.tgz",
      "integrity": "sha512-iC+8Io04lddc+mVqQ9AZ7OQ2MrUKGN+oIQyq1vemgt46jwCwLfhq7/pwnBnNXXXZb8VTVLKwp9EDkx+ryxIWmg==",
      "dev": true
    },
    "zod-validation-error": {
      "version": "1.3.1",
      "resolved": "https://registry.npmjs.org/zod-validation-error/-/zod-validation-error-1.3.1.tgz",
      "integrity": "sha512-cNEXpla+tREtNdAnNKY4xKY1SGOn2yzyuZMu4O0RQylX9apRpUjNcPkEc3uHIAr5Ct7LenjZt6RzjEH6+JsqVQ==",
      "dev": true
    }
  }
}
